{
    "_readme": [
        "This file locks the dependencies of your project to a known state",
        "Read more about it at https://getcomposer.org/doc/01-basic-usage.md#composer-lock-the-lock-file",
        "This file is @generated automatically"
    ],
    "hash": "3aaad506fe003ab55dbb8f3222b483f5",
    "content-hash": "1a96b623af9e73387d1b5962b987ab6f",
    "packages": [
        {
            "name": "salsify/json-streaming-parser",
            "version": "dev-master",
            "source": {
                "type": "git",
                "url": "https://github.com/webbhuset/jsonstreamingparser.git",
                "reference": "9b0806e31772831e7803adfd3c607b0f4292a6b5"
            },
            "dist": {
                "type": "zip",
                "url": "https://api.github.com/repos/webbhuset/jsonstreamingparser/zipball/9b0806e31772831e7803adfd3c607b0f4292a6b5",
                "reference": "9b0806e31772831e7803adfd3c607b0f4292a6b5",
                "shasum": ""
            },
            "require": {
                "ext-mbstring": "*",
                "php": "^5.4 | ^7.0"
            },
            "require-dev": {
                "phpunit/phpunit": "~4.0"
            },
            "type": "library",
            "autoload": {
                "psr-4": {
                    "JsonStreamingParser\\": "src",
                    "JsonStreamingParser\\Test\\": "tests"
                }
            },
            "license": [
                "MIT"
            ],
            "authors": [
                {
                    "name": "Rob Gonzalez",
                    "email": "rob@salsify.com",
                    "homepage": "http://salsify.com/"
                },
                {
                    "name": "Maxim Gnatenko",
                    "email": "mgnatenko@gmail.com"
                },
                {
                    "name": "Max Grigorian",
                    "email": "maxakawizard@gmail.com",
                    "homepage": "http://wizardcat.com/"
                }
            ],
            "description": "A streaming parser for JSON in PHP.",
            "homepage": "https://github.com/salsify/jsonstreamingparser",
            "keywords": [
                "json",
                "parser",
                "streaming"
            ],
            "support": {
                "source": "https://github.com/webbhuset/jsonstreamingparser/tree/master"
            },
            "time": "2016-10-10 07:33:01"
        }
    ],
    "packages-dev": [
        {
            "name": "webbhuset/test",
            "version": "dev-master",
            "source": {
                "type": "git",
                "url": "git@gitlab.webbhuset.com:libs/test.git",
                "reference": "aab9c3e237a201819810416ef4c07a6705431464"
            },
            "require": {
                "php": ">=5.3.0"
            },
            "type": "library",
            "autoload": {
                "psr-4": {
                    "Webbhuset\\Test\\": "src/"
                }
            },
            "autoload-dev": {
                "psr-4": {
                    "Webbhuset\\Test\\Dev\\": "dev/src",
                    "Webbhuset\\Test\\Dev\\Test\\": "dev/tests",
                    "Webbhuset\\Test\\Test\\": "tests"
                }
            },
            "license": [
                "MIT"
            ],
            "description": "Test Framework",
            "time": "2017-01-09 14:05:22"
        }
    ],
    "aliases": [],
    "minimum-stability": "stable",
    "stability-flags": {
        "salsify/json-streaming-parser": 20,
        "webbhuset/test": 20
    },
    "prefer-stable": false,
    "prefer-lowest": false,
    "platform": {
        "php": "^5.4.0 || ^7.0"
    },
    "platform-dev": []
}
